
Microsoft Visual Studio Solution File, Format Version 12.00
# Visual Studio 15
VisualStudioVersion = 15.0.27130.2024
MinimumVisualStudioVersion = 10.0.40219.1
Project("{FAE04EC0-301F-11D3-BF4B-00C04F79EFBC}") = "TypeRightVsix", "TypeRightVsix\TypeRightVsix.csproj", "{19A3AC50-EDEE-4B95-808C-C9D64A8D80EB}"
EndProject
Project("{9A19103F-16F7-4668-BE54-9A1E7A4F7556}") = "TypeRight.Attributes", "TypeRight.Attributes\TypeRight.Attributes.csproj", "{F87074AD-ED17-4792-9981-22CF0F093098}"
EndProject
Project("{9A19103F-16F7-4668-BE54-9A1E7A4F7556}") = "TypeRight.Contracts", "TypeRight.Contracts\TypeRight.Contracts.csproj", "{D3F8A40D-BE0B-48B9-B5EA-6032A4C5F4B1}"
EndProject
Project("{9A19103F-16F7-4668-BE54-9A1E7A4F7556}") = "TypeRight.Core", "TypeRight.Core\TypeRight.Core.csproj", "{7574657D-76BD-4B4F-B566-A4D830AA9FCB}"
EndProject
Project("{9A19103F-16F7-4668-BE54-9A1E7A4F7556}") = "TypeRight.Workspaces", "TypeRight.Workspaces\TypeRight.Workspaces.csproj", "{1240CF38-D6A6-48D1-B392-CD94266D27BD}"
EndProject
Project("{9A19103F-16F7-4668-BE54-9A1E7A4F7556}") = "TypeRight", "TypeRight\TypeRight.csproj", "{DAE83799-C1EB-4D01-878E-75A9FF4889A0}"
EndProject
Project("{9A19103F-16F7-4668-BE54-9A1E7A4F7556}") = "TypeRight.Tests", "TypeRight.Tests\TypeRight.Tests.csproj", "{86FA2628-AE16-4BED-99AB-BECB91FDE318}"
EndProject
Global
	GlobalSection(SolutionConfigurationPlatforms) = preSolution
		Debug|Any CPU = Debug|Any CPU
		Debug|x86 = Debug|x86
		Release|Any CPU = Release|Any CPU
		Release|x86 = Release|x86
	EndGlobalSection
	GlobalSection(ProjectConfigurationPlatforms) = postSolution
		{19A3AC50-EDEE-4B95-808C-C9D64A8D80EB}.Debug|Any CPU.ActiveCfg = Debug|Any CPU
		{19A3AC50-EDEE-4B95-808C-C9D64A8D80EB}.Debug|Any CPU.Build.0 = Debug|Any CPU
		{19A3AC50-EDEE-4B95-808C-C9D64A8D80EB}.Debug|x86.ActiveCfg = Debug|Any CPU
		{19A3AC50-EDEE-4B95-808C-C9D64A8D80EB}.Debug|x86.Build.0 = Debug|Any CPU
		{19A3AC50-EDEE-4B95-808C-C9D64A8D80EB}.Release|Any CPU.ActiveCfg = Release|Any CPU
		{19A3AC50-EDEE-4B95-808C-C9D64A8D80EB}.Release|Any CPU.Build.0 = Release|Any CPU
		{19A3AC50-EDEE-4B95-808C-C9D64A8D80EB}.Release|x86.ActiveCfg = Release|Any CPU
		{19A3AC50-EDEE-4B95-808C-C9D64A8D80EB}.Release|x86.Build.0 = Release|Any CPU
		{F87074AD-ED17-4792-9981-22CF0F093098}.Debug|Any CPU.ActiveCfg = Debug|Any CPU
		{F87074AD-ED17-4792-9981-22CF0F093098}.Debug|Any CPU.Build.0 = Debug|Any CPU
		{F87074AD-ED17-4792-9981-22CF0F093098}.Debug|x86.ActiveCfg = Debug|Any CPU
		{F87074AD-ED17-4792-9981-22CF0F093098}.Debug|x86.Build.0 = Debug|Any CPU
		{F87074AD-ED17-4792-9981-22CF0F093098}.Release|Any CPU.ActiveCfg = Release|Any CPU
		{F87074AD-ED17-4792-9981-22CF0F093098}.Release|Any CPU.Build.0 = Release|Any CPU
		{F87074AD-ED17-4792-9981-22CF0F093098}.Release|x86.ActiveCfg = Release|Any CPU
		{F87074AD-ED17-4792-9981-22CF0F093098}.Release|x86.Build.0 = Release|Any CPU
		{D3F8A40D-BE0B-48B9-B5EA-6032A4C5F4B1}.Debug|Any CPU.ActiveCfg = Debug|Any CPU
		{D3F8A40D-BE0B-48B9-B5EA-6032A4C5F4B1}.Debug|Any CPU.Build.0 = Debug|Any CPU
		{D3F8A40D-BE0B-48B9-B5EA-6032A4C5F4B1}.Debug|x86.ActiveCfg = Debug|Any CPU
		{D3F8A40D-BE0B-48B9-B5EA-6032A4C5F4B1}.Debug|x86.Build.0 = Debug|Any CPU
		{D3F8A40D-BE0B-48B9-B5EA-6032A4C5F4B1}.Release|Any CPU.ActiveCfg = Release|Any CPU
		{D3F8A40D-BE0B-48B9-B5EA-6032A4C5F4B1}.Release|Any CPU.Build.0 = Release|Any CPU
		{D3F8A40D-BE0B-48B9-B5EA-6032A4C5F4B1}.Release|x86.ActiveCfg = Release|Any CPU
		{D3F8A40D-BE0B-48B9-B5EA-6032A4C5F4B1}.Release|x86.Build.0 = Release|Any CPU
		{7574657D-76BD-4B4F-B566-A4D830AA9FCB}.Debug|Any CPU.ActiveCfg = Debug|Any CPU
		{7574657D-76BD-4B4F-B566-A4D830AA9FCB}.Debug|Any CPU.Build.0 = Debug|Any CPU
		{7574657D-76BD-4B4F-B566-A4D830AA9FCB}.Debug|x86.ActiveCfg = Debug|Any CPU
		{7574657D-76BD-4B4F-B566-A4D830AA9FCB}.Debug|x86.Build.0 = Debug|Any CPU
		{7574657D-76BD-4B4F-B566-A4D830AA9FCB}.Release|Any CPU.ActiveCfg = Release|Any CPU
		{7574657D-76BD-4B4F-B566-A4D830AA9FCB}.Release|Any CPU.Build.0 = Release|Any CPU
		{7574657D-76BD-4B4F-B566-A4D830AA9FCB}.Release|x86.ActiveCfg = Release|Any CPU
		{7574657D-76BD-4B4F-B566-A4D830AA9FCB}.Release|x86.Build.0 = Release|Any CPU
		{1240CF38-D6A6-48D1-B392-CD94266D27BD}.Debug|Any CPU.ActiveCfg = Debug|Any CPU
		{1240CF38-D6A6-48D1-B392-CD94266D27BD}.Debug|Any CPU.Build.0 = Debug|Any CPU
		{1240CF38-D6A6-48D1-B392-CD94266D27BD}.Debug|x86.ActiveCfg = Debug|Any CPU
		{1240CF38-D6A6-48D1-B392-CD94266D27BD}.Debug|x86.Build.0 = Debug|Any CPU
		{1240CF38-D6A6-48D1-B392-CD94266D27BD}.Release|Any CPU.ActiveCfg = Release|Any CPU
		{1240CF38-D6A6-48D1-B392-CD94266D27BD}.Release|Any CPU.Build.0 = Release|Any CPU
		{1240CF38-D6A6-48D1-B392-CD94266D27BD}.Release|x86.ActiveCfg = Release|Any CPU
		{1240CF38-D6A6-48D1-B392-CD94266D27BD}.Release|x86.Build.0 = Release|Any CPU
		{DAE83799-C1EB-4D01-878E-75A9FF4889A0}.Debug|Any CPU.ActiveCfg = Debug|Any CPU
		{DAE83799-C1EB-4D01-878E-75A9FF4889A0}.Debug|Any CPU.Build.0 = Debug|Any CPU
		{DAE83799-C1EB-4D01-878E-75A9FF4889A0}.Debug|x86.ActiveCfg = Debug|Any CPU
		{DAE83799-C1EB-4D01-878E-75A9FF4889A0}.Debug|x86.Build.0 = Debug|Any CPU
		{DAE83799-C1EB-4D01-878E-75A9FF4889A0}.Release|Any CPU.ActiveCfg = Release|Any CPU
		{DAE83799-C1EB-4D01-878E-75A9FF4889A0}.Release|Any CPU.Build.0 = Release|Any CPU
		{DAE83799-C1EB-4D01-878E-75A9FF4889A0}.Release|x86.ActiveCfg = Release|Any CPU
		{DAE83799-C1EB-4D01-878E-75A9FF4889A0}.Release|x86.Build.0 = Release|Any CPU
		{86FA2628-AE16-4BED-99AB-BECB91FDE318}.Debug|Any CPU.ActiveCfg = Debug|Any CPU
		{86FA2628-AE16-4BED-99AB-BECB91FDE318}.Debug|Any CPU.Build.0 = Debug|Any CPU
		{86FA2628-AE16-4BED-99AB-BECB91FDE318}.Debug|x86.ActiveCfg = Debug|Any CPU
		{86FA2628-AE16-4BED-99AB-BECB91FDE318}.Debug|x86.Build.0 = Debug|Any CPU
		{86FA2628-AE16-4BED-99AB-BECB91FDE318}.Release|Any CPU.ActiveCfg = Release|Any CPU
		{86FA2628-AE16-4BED-99AB-BECB91FDE318}.Release|Any CPU.Build.0 = Release|Any CPU
		{86FA2628-AE16-4BED-99AB-BECB91FDE318}.Release|x86.ActiveCfg = Release|Any CPU
		{86FA2628-AE16-4BED-99AB-BECB91FDE318}.Release|x86.Build.0 = Release|Any CPU
	EndGlobalSection
	GlobalSection(SolutionProperties) = preSolution
		HideSolutionNode = FALSE
	EndGlobalSection
	GlobalSection(ExtensibilityGlobals) = postSolution
		SolutionGuid = {51F1BF5C-4F4F-4F9A-9119-DB47FB3F2DD0}
	EndGlobalSection
EndGlobal
