
Microsoft Visual Studio Solution File, Format Version 12.00
# Visual Studio Version 17
VisualStudioVersion = 17.1.32407.343
MinimumVisualStudioVersion = 10.0.40219.1
Project("{9A19103F-16F7-4668-BE54-9A1E7A4F7556}") = "TypeRight.Attributes", "src\TypeRight.Attributes\TypeRight.Attributes.csproj", "{F87074AD-ED17-4792-9981-22CF0F093098}"
EndProject
Project("{9A19103F-16F7-4668-BE54-9A1E7A4F7556}") = "TypeRight.Core", "src\TypeRight.Core\TypeRight.Core.csproj", "{7574657D-76BD-4B4F-B566-A4D830AA9FCB}"
EndProject
Project("{9A19103F-16F7-4668-BE54-9A1E7A4F7556}") = "TypeRight.Workspaces", "src\TypeRight.Workspaces\TypeRight.Workspaces.csproj", "{1240CF38-D6A6-48D1-B392-CD94266D27BD}"
EndProject
Project("{9A19103F-16F7-4668-BE54-9A1E7A4F7556}") = "TypeRight", "src\TypeRight\TypeRight.csproj", "{DAE83799-C1EB-4D01-878E-75A9FF4889A0}"
EndProject
Project("{9A19103F-16F7-4668-BE54-9A1E7A4F7556}") = "TypeRight.Tests", "test\TypeRight.Tests\TypeRight.Tests.csproj", "{86FA2628-AE16-4BED-99AB-BECB91FDE318}"
EndProject
Project("{9A19103F-16F7-4668-BE54-9A1E7A4F7556}") = "TypeRight.Workspaces.VsixAdapter", "src\TypeRight.Workspaces.VsixAdapter\TypeRight.Workspaces.VsixAdapter.csproj", "{AC6C53F4-FB54-48AB-8E96-1AA1AE93CBA8}"
EndProject
Project("{2150E333-8FDC-42A3-9474-1A3956D46DE8}") = "Solution Items", "Solution Items", "{389EA361-B44E-4CCF-88F7-3C193FF06EF8}"
	ProjectSection(SolutionItems) = preProject
		TypeRightNuspec.nuspec = TypeRightNuspec.nuspec
		TypeRightVersion.targets = TypeRightVersion.targets
	EndProjectSection
EndProject
Project("{9A19103F-16F7-4668-BE54-9A1E7A4F7556}") = "TypeRight.VsixContract", "src\TypeRight.VsixContract\TypeRight.VsixContract.csproj", "{B878F149-9BD3-437D-802C-D26481F5B055}"
EndProject
Project("{2150E333-8FDC-42A3-9474-1A3956D46DE8}") = "Vsix", "Vsix", "{50180D7A-7C03-4681-882B-D22FBB6A019A}"
EndProject
Project("{2150E333-8FDC-42A3-9474-1A3956D46DE8}") = "Tests", "Tests", "{36E3404F-F368-42EE-9219-3A982563009C}"
EndProject
Project("{D954291E-2A0B-460D-934E-DC6B0785DB48}") = "TypeRight.VsixContract.Messages", "src\TypeRight.VsixContract.Messages\TypeRight.VsixContract.Messages.shproj", "{21BCBE4C-3509-4E42-B2A0-5B848C8A75D8}"
EndProject
Project("{9A19103F-16F7-4668-BE54-9A1E7A4F7556}") = "TypeRight.VsixContractV2", "src\TypeRight.VsixContractV2\TypeRight.VsixContractV2.csproj", "{12A4926C-06E3-4CEB-AAB7-91D1DBE496A6}"
EndProject
Project("{D954291E-2A0B-460D-934E-DC6B0785DB48}") = "TypeRight.Shared", "src\TypeRight.Shared\TypeRight.Shared.shproj", "{AD8168E6-3ED3-41EA-978A-AC7DAE564B18}"
EndProject
Project("{D954291E-2A0B-460D-934E-DC6B0785DB48}") = "TypeRightVsix.Shared", "src\TypeRightVsix.Shared\TypeRightVsix.Shared.shproj", "{59A73AF7-61AD-4982-AAEA-E31067E71383}"
EndProject
Project("{FAE04EC0-301F-11D3-BF4B-00C04F79EFBC}") = "TypeRightVsix2022", "src\TypeRightVsix2022\TypeRightVsix2022.csproj", "{1F2C4096-A3A6-4F2F-AF7B-C3BA2617CADF}"
EndProject
Project("{FAE04EC0-301F-11D3-BF4B-00C04F79EFBC}") = "TypeRight.Build", "src\TypeRight.Build\TypeRight.Build.csproj", "{B4766D8B-232D-4214-A7DF-069303F2C0C7}"
EndProject
Global
	GlobalSection(SolutionConfigurationPlatforms) = preSolution
		Debug Local Nuget|Any CPU = Debug Local Nuget|Any CPU
		Debug Local Nuget|x86 = Debug Local Nuget|x86
		Debug Nuget|Any CPU = Debug Nuget|Any CPU
		Debug Nuget|x86 = Debug Nuget|x86
		Debug|Any CPU = Debug|Any CPU
		Debug|x86 = Debug|x86
		Release|Any CPU = Release|Any CPU
		Release|x86 = Release|x86
	EndGlobalSection
	GlobalSection(ProjectConfigurationPlatforms) = postSolution
		{F87074AD-ED17-4792-9981-22CF0F093098}.Debug Local Nuget|Any CPU.ActiveCfg = Debug|Any CPU
		{F87074AD-ED17-4792-9981-22CF0F093098}.Debug Local Nuget|Any CPU.Build.0 = Debug|Any CPU
		{F87074AD-ED17-4792-9981-22CF0F093098}.Debug Local Nuget|x86.ActiveCfg = Debug|Any CPU
		{F87074AD-ED17-4792-9981-22CF0F093098}.Debug Local Nuget|x86.Build.0 = Debug|Any CPU
		{F87074AD-ED17-4792-9981-22CF0F093098}.Debug Nuget|Any CPU.ActiveCfg = Debug|Any CPU
		{F87074AD-ED17-4792-9981-22CF0F093098}.Debug Nuget|Any CPU.Build.0 = Debug|Any CPU
		{F87074AD-ED17-4792-9981-22CF0F093098}.Debug Nuget|x86.ActiveCfg = Debug|Any CPU
		{F87074AD-ED17-4792-9981-22CF0F093098}.Debug Nuget|x86.Build.0 = Debug|Any CPU
		{F87074AD-ED17-4792-9981-22CF0F093098}.Debug|Any CPU.ActiveCfg = Debug|Any CPU
		{F87074AD-ED17-4792-9981-22CF0F093098}.Debug|Any CPU.Build.0 = Debug|Any CPU
		{F87074AD-ED17-4792-9981-22CF0F093098}.Debug|x86.ActiveCfg = Debug|Any CPU
		{F87074AD-ED17-4792-9981-22CF0F093098}.Debug|x86.Build.0 = Debug|Any CPU
		{F87074AD-ED17-4792-9981-22CF0F093098}.Release|Any CPU.ActiveCfg = Release|Any CPU
		{F87074AD-ED17-4792-9981-22CF0F093098}.Release|Any CPU.Build.0 = Release|Any CPU
		{F87074AD-ED17-4792-9981-22CF0F093098}.Release|x86.ActiveCfg = Release|Any CPU
		{F87074AD-ED17-4792-9981-22CF0F093098}.Release|x86.Build.0 = Release|Any CPU
		{7574657D-76BD-4B4F-B566-A4D830AA9FCB}.Debug Local Nuget|Any CPU.ActiveCfg = Debug|Any CPU
		{7574657D-76BD-4B4F-B566-A4D830AA9FCB}.Debug Local Nuget|Any CPU.Build.0 = Debug|Any CPU
		{7574657D-76BD-4B4F-B566-A4D830AA9FCB}.Debug Local Nuget|x86.ActiveCfg = Debug|Any CPU
		{7574657D-76BD-4B4F-B566-A4D830AA9FCB}.Debug Local Nuget|x86.Build.0 = Debug|Any CPU
		{7574657D-76BD-4B4F-B566-A4D830AA9FCB}.Debug Nuget|Any CPU.ActiveCfg = Debug|Any CPU
		{7574657D-76BD-4B4F-B566-A4D830AA9FCB}.Debug Nuget|Any CPU.Build.0 = Debug|Any CPU
		{7574657D-76BD-4B4F-B566-A4D830AA9FCB}.Debug Nuget|x86.ActiveCfg = Debug|Any CPU
		{7574657D-76BD-4B4F-B566-A4D830AA9FCB}.Debug Nuget|x86.Build.0 = Debug|Any CPU
		{7574657D-76BD-4B4F-B566-A4D830AA9FCB}.Debug|Any CPU.ActiveCfg = Debug|Any CPU
		{7574657D-76BD-4B4F-B566-A4D830AA9FCB}.Debug|Any CPU.Build.0 = Debug|Any CPU
		{7574657D-76BD-4B4F-B566-A4D830AA9FCB}.Debug|x86.ActiveCfg = Debug|Any CPU
		{7574657D-76BD-4B4F-B566-A4D830AA9FCB}.Debug|x86.Build.0 = Debug|Any CPU
		{7574657D-76BD-4B4F-B566-A4D830AA9FCB}.Release|Any CPU.ActiveCfg = Release|Any CPU
		{7574657D-76BD-4B4F-B566-A4D830AA9FCB}.Release|Any CPU.Build.0 = Release|Any CPU
		{7574657D-76BD-4B4F-B566-A4D830AA9FCB}.Release|x86.ActiveCfg = Release|Any CPU
		{7574657D-76BD-4B4F-B566-A4D830AA9FCB}.Release|x86.Build.0 = Release|Any CPU
		{1240CF38-D6A6-48D1-B392-CD94266D27BD}.Debug Local Nuget|Any CPU.ActiveCfg = Debug|Any CPU
		{1240CF38-D6A6-48D1-B392-CD94266D27BD}.Debug Local Nuget|Any CPU.Build.0 = Debug|Any CPU
		{1240CF38-D6A6-48D1-B392-CD94266D27BD}.Debug Local Nuget|x86.ActiveCfg = Debug|Any CPU
		{1240CF38-D6A6-48D1-B392-CD94266D27BD}.Debug Local Nuget|x86.Build.0 = Debug|Any CPU
		{1240CF38-D6A6-48D1-B392-CD94266D27BD}.Debug Nuget|Any CPU.ActiveCfg = Debug|Any CPU
		{1240CF38-D6A6-48D1-B392-CD94266D27BD}.Debug Nuget|Any CPU.Build.0 = Debug|Any CPU
		{1240CF38-D6A6-48D1-B392-CD94266D27BD}.Debug Nuget|x86.ActiveCfg = Debug|Any CPU
		{1240CF38-D6A6-48D1-B392-CD94266D27BD}.Debug Nuget|x86.Build.0 = Debug|Any CPU
		{1240CF38-D6A6-48D1-B392-CD94266D27BD}.Debug|Any CPU.ActiveCfg = Debug|Any CPU
		{1240CF38-D6A6-48D1-B392-CD94266D27BD}.Debug|Any CPU.Build.0 = Debug|Any CPU
		{1240CF38-D6A6-48D1-B392-CD94266D27BD}.Debug|x86.ActiveCfg = Debug|Any CPU
		{1240CF38-D6A6-48D1-B392-CD94266D27BD}.Debug|x86.Build.0 = Debug|Any CPU
		{1240CF38-D6A6-48D1-B392-CD94266D27BD}.Release|Any CPU.ActiveCfg = Release|Any CPU
		{1240CF38-D6A6-48D1-B392-CD94266D27BD}.Release|Any CPU.Build.0 = Release|Any CPU
		{1240CF38-D6A6-48D1-B392-CD94266D27BD}.Release|x86.ActiveCfg = Release|Any CPU
		{1240CF38-D6A6-48D1-B392-CD94266D27BD}.Release|x86.Build.0 = Release|Any CPU
		{DAE83799-C1EB-4D01-878E-75A9FF4889A0}.Debug Local Nuget|Any CPU.ActiveCfg = Debug|Any CPU
		{DAE83799-C1EB-4D01-878E-75A9FF4889A0}.Debug Local Nuget|Any CPU.Build.0 = Debug|Any CPU
		{DAE83799-C1EB-4D01-878E-75A9FF4889A0}.Debug Local Nuget|x86.ActiveCfg = Debug|Any CPU
		{DAE83799-C1EB-4D01-878E-75A9FF4889A0}.Debug Local Nuget|x86.Build.0 = Debug|Any CPU
		{DAE83799-C1EB-4D01-878E-75A9FF4889A0}.Debug Nuget|Any CPU.ActiveCfg = Debug|Any CPU
		{DAE83799-C1EB-4D01-878E-75A9FF4889A0}.Debug Nuget|Any CPU.Build.0 = Debug|Any CPU
		{DAE83799-C1EB-4D01-878E-75A9FF4889A0}.Debug Nuget|x86.ActiveCfg = Debug|Any CPU
		{DAE83799-C1EB-4D01-878E-75A9FF4889A0}.Debug Nuget|x86.Build.0 = Debug|Any CPU
		{DAE83799-C1EB-4D01-878E-75A9FF4889A0}.Debug|Any CPU.ActiveCfg = Debug|Any CPU
		{DAE83799-C1EB-4D01-878E-75A9FF4889A0}.Debug|Any CPU.Build.0 = Debug|Any CPU
		{DAE83799-C1EB-4D01-878E-75A9FF4889A0}.Debug|x86.ActiveCfg = Debug|Any CPU
		{DAE83799-C1EB-4D01-878E-75A9FF4889A0}.Debug|x86.Build.0 = Debug|Any CPU
		{DAE83799-C1EB-4D01-878E-75A9FF4889A0}.Release|Any CPU.ActiveCfg = Release|Any CPU
		{DAE83799-C1EB-4D01-878E-75A9FF4889A0}.Release|Any CPU.Build.0 = Release|Any CPU
		{DAE83799-C1EB-4D01-878E-75A9FF4889A0}.Release|x86.ActiveCfg = Release|Any CPU
		{DAE83799-C1EB-4D01-878E-75A9FF4889A0}.Release|x86.Build.0 = Release|Any CPU
		{86FA2628-AE16-4BED-99AB-BECB91FDE318}.Debug Local Nuget|Any CPU.ActiveCfg = Debug|Any CPU
		{86FA2628-AE16-4BED-99AB-BECB91FDE318}.Debug Local Nuget|Any CPU.Build.0 = Debug|Any CPU
		{86FA2628-AE16-4BED-99AB-BECB91FDE318}.Debug Local Nuget|x86.ActiveCfg = Debug|Any CPU
		{86FA2628-AE16-4BED-99AB-BECB91FDE318}.Debug Local Nuget|x86.Build.0 = Debug|Any CPU
		{86FA2628-AE16-4BED-99AB-BECB91FDE318}.Debug Nuget|Any CPU.ActiveCfg = Debug|Any CPU
		{86FA2628-AE16-4BED-99AB-BECB91FDE318}.Debug Nuget|Any CPU.Build.0 = Debug|Any CPU
		{86FA2628-AE16-4BED-99AB-BECB91FDE318}.Debug Nuget|x86.ActiveCfg = Debug|Any CPU
		{86FA2628-AE16-4BED-99AB-BECB91FDE318}.Debug Nuget|x86.Build.0 = Debug|Any CPU
		{86FA2628-AE16-4BED-99AB-BECB91FDE318}.Debug|Any CPU.ActiveCfg = Debug|Any CPU
		{86FA2628-AE16-4BED-99AB-BECB91FDE318}.Debug|Any CPU.Build.0 = Debug|Any CPU
		{86FA2628-AE16-4BED-99AB-BECB91FDE318}.Debug|x86.ActiveCfg = Debug|Any CPU
		{86FA2628-AE16-4BED-99AB-BECB91FDE318}.Debug|x86.Build.0 = Debug|Any CPU
		{86FA2628-AE16-4BED-99AB-BECB91FDE318}.Release|Any CPU.ActiveCfg = Release|Any CPU
		{86FA2628-AE16-4BED-99AB-BECB91FDE318}.Release|Any CPU.Build.0 = Release|Any CPU
		{86FA2628-AE16-4BED-99AB-BECB91FDE318}.Release|x86.ActiveCfg = Release|Any CPU
		{86FA2628-AE16-4BED-99AB-BECB91FDE318}.Release|x86.Build.0 = Release|Any CPU
		{AC6C53F4-FB54-48AB-8E96-1AA1AE93CBA8}.Debug Local Nuget|Any CPU.ActiveCfg = Debug|Any CPU
		{AC6C53F4-FB54-48AB-8E96-1AA1AE93CBA8}.Debug Local Nuget|Any CPU.Build.0 = Debug|Any CPU
		{AC6C53F4-FB54-48AB-8E96-1AA1AE93CBA8}.Debug Local Nuget|x86.ActiveCfg = Debug|Any CPU
		{AC6C53F4-FB54-48AB-8E96-1AA1AE93CBA8}.Debug Local Nuget|x86.Build.0 = Debug|Any CPU
		{AC6C53F4-FB54-48AB-8E96-1AA1AE93CBA8}.Debug Nuget|Any CPU.ActiveCfg = Debug|Any CPU
		{AC6C53F4-FB54-48AB-8E96-1AA1AE93CBA8}.Debug Nuget|Any CPU.Build.0 = Debug|Any CPU
		{AC6C53F4-FB54-48AB-8E96-1AA1AE93CBA8}.Debug Nuget|x86.ActiveCfg = Debug|Any CPU
		{AC6C53F4-FB54-48AB-8E96-1AA1AE93CBA8}.Debug Nuget|x86.Build.0 = Debug|Any CPU
		{AC6C53F4-FB54-48AB-8E96-1AA1AE93CBA8}.Debug|Any CPU.ActiveCfg = Debug|Any CPU
		{AC6C53F4-FB54-48AB-8E96-1AA1AE93CBA8}.Debug|Any CPU.Build.0 = Debug|Any CPU
		{AC6C53F4-FB54-48AB-8E96-1AA1AE93CBA8}.Debug|x86.ActiveCfg = Debug|Any CPU
		{AC6C53F4-FB54-48AB-8E96-1AA1AE93CBA8}.Debug|x86.Build.0 = Debug|Any CPU
		{AC6C53F4-FB54-48AB-8E96-1AA1AE93CBA8}.Release|Any CPU.ActiveCfg = Release|Any CPU
		{AC6C53F4-FB54-48AB-8E96-1AA1AE93CBA8}.Release|Any CPU.Build.0 = Release|Any CPU
		{AC6C53F4-FB54-48AB-8E96-1AA1AE93CBA8}.Release|x86.ActiveCfg = Release|Any CPU
		{AC6C53F4-FB54-48AB-8E96-1AA1AE93CBA8}.Release|x86.Build.0 = Release|Any CPU
		{B878F149-9BD3-437D-802C-D26481F5B055}.Debug Local Nuget|Any CPU.ActiveCfg = Debug|Any CPU
		{B878F149-9BD3-437D-802C-D26481F5B055}.Debug Local Nuget|Any CPU.Build.0 = Debug|Any CPU
		{B878F149-9BD3-437D-802C-D26481F5B055}.Debug Local Nuget|x86.ActiveCfg = Debug|Any CPU
		{B878F149-9BD3-437D-802C-D26481F5B055}.Debug Local Nuget|x86.Build.0 = Debug|Any CPU
		{B878F149-9BD3-437D-802C-D26481F5B055}.Debug Nuget|Any CPU.ActiveCfg = Debug|Any CPU
		{B878F149-9BD3-437D-802C-D26481F5B055}.Debug Nuget|Any CPU.Build.0 = Debug|Any CPU
		{B878F149-9BD3-437D-802C-D26481F5B055}.Debug Nuget|x86.ActiveCfg = Debug|Any CPU
		{B878F149-9BD3-437D-802C-D26481F5B055}.Debug Nuget|x86.Build.0 = Debug|Any CPU
		{B878F149-9BD3-437D-802C-D26481F5B055}.Debug|Any CPU.ActiveCfg = Debug|Any CPU
		{B878F149-9BD3-437D-802C-D26481F5B055}.Debug|Any CPU.Build.0 = Debug|Any CPU
		{B878F149-9BD3-437D-802C-D26481F5B055}.Debug|x86.ActiveCfg = Debug|Any CPU
		{B878F149-9BD3-437D-802C-D26481F5B055}.Debug|x86.Build.0 = Debug|Any CPU
		{B878F149-9BD3-437D-802C-D26481F5B055}.Release|Any CPU.ActiveCfg = Release|Any CPU
		{B878F149-9BD3-437D-802C-D26481F5B055}.Release|Any CPU.Build.0 = Release|Any CPU
		{B878F149-9BD3-437D-802C-D26481F5B055}.Release|x86.ActiveCfg = Release|Any CPU
		{B878F149-9BD3-437D-802C-D26481F5B055}.Release|x86.Build.0 = Release|Any CPU
		{12A4926C-06E3-4CEB-AAB7-91D1DBE496A6}.Debug Local Nuget|Any CPU.ActiveCfg = Debug|Any CPU
		{12A4926C-06E3-4CEB-AAB7-91D1DBE496A6}.Debug Local Nuget|Any CPU.Build.0 = Debug|Any CPU
		{12A4926C-06E3-4CEB-AAB7-91D1DBE496A6}.Debug Local Nuget|x86.ActiveCfg = Debug|Any CPU
		{12A4926C-06E3-4CEB-AAB7-91D1DBE496A6}.Debug Local Nuget|x86.Build.0 = Debug|Any CPU
		{12A4926C-06E3-4CEB-AAB7-91D1DBE496A6}.Debug Nuget|Any CPU.ActiveCfg = Debug|Any CPU
		{12A4926C-06E3-4CEB-AAB7-91D1DBE496A6}.Debug Nuget|Any CPU.Build.0 = Debug|Any CPU
		{12A4926C-06E3-4CEB-AAB7-91D1DBE496A6}.Debug Nuget|x86.ActiveCfg = Debug|Any CPU
		{12A4926C-06E3-4CEB-AAB7-91D1DBE496A6}.Debug Nuget|x86.Build.0 = Debug|Any CPU
		{12A4926C-06E3-4CEB-AAB7-91D1DBE496A6}.Debug|Any CPU.ActiveCfg = Debug|Any CPU
		{12A4926C-06E3-4CEB-AAB7-91D1DBE496A6}.Debug|Any CPU.Build.0 = Debug|Any CPU
		{12A4926C-06E3-4CEB-AAB7-91D1DBE496A6}.Debug|x86.ActiveCfg = Debug|Any CPU
		{12A4926C-06E3-4CEB-AAB7-91D1DBE496A6}.Debug|x86.Build.0 = Debug|Any CPU
		{12A4926C-06E3-4CEB-AAB7-91D1DBE496A6}.Release|Any CPU.ActiveCfg = Release|Any CPU
		{12A4926C-06E3-4CEB-AAB7-91D1DBE496A6}.Release|Any CPU.Build.0 = Release|Any CPU
		{12A4926C-06E3-4CEB-AAB7-91D1DBE496A6}.Release|x86.ActiveCfg = Release|Any CPU
		{12A4926C-06E3-4CEB-AAB7-91D1DBE496A6}.Release|x86.Build.0 = Release|Any CPU
		{1F2C4096-A3A6-4F2F-AF7B-C3BA2617CADF}.Debug Local Nuget|Any CPU.ActiveCfg = Debug|Any CPU
		{1F2C4096-A3A6-4F2F-AF7B-C3BA2617CADF}.Debug Local Nuget|Any CPU.Build.0 = Debug|Any CPU
		{1F2C4096-A3A6-4F2F-AF7B-C3BA2617CADF}.Debug Local Nuget|x86.ActiveCfg = Debug|x86
		{1F2C4096-A3A6-4F2F-AF7B-C3BA2617CADF}.Debug Local Nuget|x86.Build.0 = Debug|x86
		{1F2C4096-A3A6-4F2F-AF7B-C3BA2617CADF}.Debug Nuget|Any CPU.ActiveCfg = Debug|Any CPU
		{1F2C4096-A3A6-4F2F-AF7B-C3BA2617CADF}.Debug Nuget|Any CPU.Build.0 = Debug|Any CPU
		{1F2C4096-A3A6-4F2F-AF7B-C3BA2617CADF}.Debug Nuget|x86.ActiveCfg = Debug|x86
		{1F2C4096-A3A6-4F2F-AF7B-C3BA2617CADF}.Debug Nuget|x86.Build.0 = Debug|x86
		{1F2C4096-A3A6-4F2F-AF7B-C3BA2617CADF}.Debug|Any CPU.ActiveCfg = Debug|Any CPU
		{1F2C4096-A3A6-4F2F-AF7B-C3BA2617CADF}.Debug|Any CPU.Build.0 = Debug|Any CPU
		{1F2C4096-A3A6-4F2F-AF7B-C3BA2617CADF}.Debug|x86.ActiveCfg = Debug|x86
		{1F2C4096-A3A6-4F2F-AF7B-C3BA2617CADF}.Debug|x86.Build.0 = Debug|x86
		{1F2C4096-A3A6-4F2F-AF7B-C3BA2617CADF}.Release|Any CPU.ActiveCfg = Release|Any CPU
		{1F2C4096-A3A6-4F2F-AF7B-C3BA2617CADF}.Release|Any CPU.Build.0 = Release|Any CPU
		{1F2C4096-A3A6-4F2F-AF7B-C3BA2617CADF}.Release|x86.ActiveCfg = Release|x86
		{1F2C4096-A3A6-4F2F-AF7B-C3BA2617CADF}.Release|x86.Build.0 = Release|x86
		{B4766D8B-232D-4214-A7DF-069303F2C0C7}.Debug Local Nuget|Any CPU.ActiveCfg = Debug|Any CPU
		{B4766D8B-232D-4214-A7DF-069303F2C0C7}.Debug Local Nuget|Any CPU.Build.0 = Debug|Any CPU
		{B4766D8B-232D-4214-A7DF-069303F2C0C7}.Debug Local Nuget|x86.ActiveCfg = Debug|Any CPU
		{B4766D8B-232D-4214-A7DF-069303F2C0C7}.Debug Local Nuget|x86.Build.0 = Debug|Any CPU
		{B4766D8B-232D-4214-A7DF-069303F2C0C7}.Debug Nuget|Any CPU.ActiveCfg = Debug|Any CPU
		{B4766D8B-232D-4214-A7DF-069303F2C0C7}.Debug Nuget|Any CPU.Build.0 = Debug|Any CPU
		{B4766D8B-232D-4214-A7DF-069303F2C0C7}.Debug Nuget|x86.ActiveCfg = Debug|Any CPU
		{B4766D8B-232D-4214-A7DF-069303F2C0C7}.Debug Nuget|x86.Build.0 = Debug|Any CPU
		{B4766D8B-232D-4214-A7DF-069303F2C0C7}.Debug|Any CPU.ActiveCfg = Debug|Any CPU
		{B4766D8B-232D-4214-A7DF-069303F2C0C7}.Debug|Any CPU.Build.0 = Debug|Any CPU
		{B4766D8B-232D-4214-A7DF-069303F2C0C7}.Debug|x86.ActiveCfg = Debug|Any CPU
		{B4766D8B-232D-4214-A7DF-069303F2C0C7}.Debug|x86.Build.0 = Debug|Any CPU
		{B4766D8B-232D-4214-A7DF-069303F2C0C7}.Release|Any CPU.ActiveCfg = Release|Any CPU
		{B4766D8B-232D-4214-A7DF-069303F2C0C7}.Release|Any CPU.Build.0 = Release|Any CPU
		{B4766D8B-232D-4214-A7DF-069303F2C0C7}.Release|x86.ActiveCfg = Release|Any CPU
		{B4766D8B-232D-4214-A7DF-069303F2C0C7}.Release|x86.Build.0 = Release|Any CPU
	EndGlobalSection
	GlobalSection(SolutionProperties) = preSolution
		HideSolutionNode = FALSE
	EndGlobalSection
	GlobalSection(NestedProjects) = preSolution
		{86FA2628-AE16-4BED-99AB-BECB91FDE318} = {36E3404F-F368-42EE-9219-3A982563009C}
		{AC6C53F4-FB54-48AB-8E96-1AA1AE93CBA8} = {50180D7A-7C03-4681-882B-D22FBB6A019A}
		{B878F149-9BD3-437D-802C-D26481F5B055} = {50180D7A-7C03-4681-882B-D22FBB6A019A}
		{21BCBE4C-3509-4E42-B2A0-5B848C8A75D8} = {50180D7A-7C03-4681-882B-D22FBB6A019A}
		{12A4926C-06E3-4CEB-AAB7-91D1DBE496A6} = {50180D7A-7C03-4681-882B-D22FBB6A019A}
		{59A73AF7-61AD-4982-AAEA-E31067E71383} = {50180D7A-7C03-4681-882B-D22FBB6A019A}
		{1F2C4096-A3A6-4F2F-AF7B-C3BA2617CADF} = {50180D7A-7C03-4681-882B-D22FBB6A019A}
	EndGlobalSection
	GlobalSection(ExtensibilityGlobals) = postSolution
		SolutionGuid = {51F1BF5C-4F4F-4F9A-9119-DB47FB3F2DD0}
	EndGlobalSection
	GlobalSection(SharedMSBuildProjectFiles) = preSolution
		src\TypeRight.Shared\TypeRight.Shared.projitems*{1f2c4096-a3a6-4f2f-af7b-c3ba2617cadf}*SharedItemsImports = 4
		src\TypeRight.VsixContract.Messages\TypeRight.VsixContract.Messages.projitems*{1f2c4096-a3a6-4f2f-af7b-c3ba2617cadf}*SharedItemsImports = 4
		src\TypeRightVsix.Shared\TypeRightVsix.Shared.projitems*{1f2c4096-a3a6-4f2f-af7b-c3ba2617cadf}*SharedItemsImports = 4
		src\TypeRight.VsixContract.Messages\TypeRight.VsixContract.Messages.projitems*{21bcbe4c-3509-4e42-b2a0-5b848c8a75d8}*SharedItemsImports = 13
		src\TypeRightVsix.Shared\TypeRightVsix.Shared.projitems*{59a73af7-61ad-4982-aaea-e31067e71383}*SharedItemsImports = 13
		src\TypeRight.VsixContract.Messages\TypeRight.VsixContract.Messages.projitems*{ac6c53f4-fb54-48ab-8e96-1aa1ae93cba8}*SharedItemsImports = 5
		src\TypeRight.Shared\TypeRight.Shared.projitems*{ad8168e6-3ed3-41ea-978a-ac7dae564b18}*SharedItemsImports = 13
		src\TypeRight.Shared\TypeRight.Shared.projitems*{dae83799-c1eb-4d01-878e-75a9ff4889a0}*SharedItemsImports = 5
	EndGlobalSection
EndGlobal
