
Microsoft Visual Studio Solution File, Format Version 12.00
# Visual Studio 15
VisualStudioVersion = 15.0.28307.960
MinimumVisualStudioVersion = 10.0.40219.1
Project("{FAE04EC0-301F-11D3-BF4B-00C04F79EFBC}") = "AspNetCoreTargetNetFramework", "AspNetCoreTargetNetFramework\AspNetCoreTargetNetFramework.csproj", "{461457FD-4B52-48FB-908C-D5D1CD41C515}"
EndProject
Global
	GlobalSection(SolutionConfigurationPlatforms) = preSolution
		Debug|Any CPU = Debug|Any CPU
		Release|Any CPU = Release|Any CPU
	EndGlobalSection
	GlobalSection(ProjectConfigurationPlatforms) = postSolution
		{461457FD-4B52-48FB-908C-D5D1CD41C515}.Debug|Any CPU.ActiveCfg = Debug|Any CPU
		{461457FD-4B52-48FB-908C-D5D1CD41C515}.Debug|Any CPU.Build.0 = Debug|Any CPU
		{461457FD-4B52-48FB-908C-D5D1CD41C515}.Release|Any CPU.ActiveCfg = Release|Any CPU
		{461457FD-4B52-48FB-908C-D5D1CD41C515}.Release|Any CPU.Build.0 = Release|Any CPU
	EndGlobalSection
	GlobalSection(SolutionProperties) = preSolution
		HideSolutionNode = FALSE
	EndGlobalSection
	GlobalSection(ExtensibilityGlobals) = postSolution
		SolutionGuid = {7C9E1E9F-4372-4227-925F-C271E5DB7F15}
	EndGlobalSection
EndGlobal
